
Microsoft Visual Studio Solution File, Format Version 12.00
# Visual Studio Version 16
VisualStudioVersion = 16.0.31112.23
MinimumVisualStudioVersion = 10.0.40219.1
Project("{FAE04EC0-301F-11D3-BF4B-00C04F79EFBC}") = "Warlord", "Warlord\Warlord.csproj", "{E70BCDDA-3F97-4B03-B096-A8EAFC44962B}"
EndProject
Global
	GlobalSection(SolutionConfigurationPlatforms) = preSolution
		Debug|Any CPU = Debug|Any CPU
		Release|Any CPU = Release|Any CPU
	EndGlobalSection
	GlobalSection(ProjectConfigurationPlatforms) = postSolution
		{E70BCDDA-3F97-4B03-B096-A8EAFC44962B}.Debug|Any CPU.ActiveCfg = Debug|Any CPU
		{E70BCDDA-3F97-4B03-B096-A8EAFC44962B}.Debug|Any CPU.Build.0 = Debug|Any CPU
		{E70BCDDA-3F97-4B03-B096-A8EAFC44962B}.Release|Any CPU.ActiveCfg = Release|Any CPU
		{E70BCDDA-3F97-4B03-B096-A8EAFC44962B}.Release|Any CPU.Build.0 = Release|Any CPU
	EndGlobalSection
	GlobalSection(SolutionProperties) = preSolution
		HideSolutionNode = FALSE
	EndGlobalSection
	GlobalSection(ExtensibilityGlobals) = postSolution
		SolutionGuid = {E418D8B6-4381-47E2-BD40-FDE130DB97DD}
	EndGlobalSection
EndGlobal
